
Microsoft Visual Studio Solution File, Format Version 12.00
# Visual Studio Version 17
VisualStudioVersion = 17.6.33829.357
MinimumVisualStudioVersion = 10.0.40219.1
Project("{FAE04EC0-301F-11D3-BF4B-00C04F79EFBC}") = "LibraryManagementSystem.Entity", "ClassLibrary1\LibraryManagementSystem.Entity.csproj", "{3434E22F-0137-4F98-A082-082878C80020}"
EndProject
Project("{FAE04EC0-301F-11D3-BF4B-00C04F79EFBC}") = "LibraryManagementSystem.Core", "Core\LibraryManagementSystem.Core.csproj", "{0C4528DC-4DE6-4A7D-A2D6-90C32F3BE64D}"
EndProject
Project("{FAE04EC0-301F-11D3-BF4B-00C04F79EFBC}") = "LibraryManagementSystem.Repository", "Repository\LibraryManagementSystem.Repository.csproj", "{9C8C8FA5-7EF9-4ED8-AFBD-703CBDA2A6BC}"
EndProject
Global
	GlobalSection(SolutionConfigurationPlatforms) = preSolution
		Debug|Any CPU = Debug|Any CPU
		Release|Any CPU = Release|Any CPU
	EndGlobalSection
	GlobalSection(ProjectConfigurationPlatforms) = postSolution
		{3434E22F-0137-4F98-A082-082878C80020}.Debug|Any CPU.ActiveCfg = Debug|Any CPU
		{3434E22F-0137-4F98-A082-082878C80020}.Debug|Any CPU.Build.0 = Debug|Any CPU
		{3434E22F-0137-4F98-A082-082878C80020}.Release|Any CPU.ActiveCfg = Release|Any CPU
		{3434E22F-0137-4F98-A082-082878C80020}.Release|Any CPU.Build.0 = Release|Any CPU
		{0C4528DC-4DE6-4A7D-A2D6-90C32F3BE64D}.Debug|Any CPU.ActiveCfg = Debug|Any CPU
		{0C4528DC-4DE6-4A7D-A2D6-90C32F3BE64D}.Debug|Any CPU.Build.0 = Debug|Any CPU
		{0C4528DC-4DE6-4A7D-A2D6-90C32F3BE64D}.Release|Any CPU.ActiveCfg = Release|Any CPU
		{0C4528DC-4DE6-4A7D-A2D6-90C32F3BE64D}.Release|Any CPU.Build.0 = Release|Any CPU
		{9C8C8FA5-7EF9-4ED8-AFBD-703CBDA2A6BC}.Debug|Any CPU.ActiveCfg = Debug|Any CPU
		{9C8C8FA5-7EF9-4ED8-AFBD-703CBDA2A6BC}.Debug|Any CPU.Build.0 = Debug|Any CPU
		{9C8C8FA5-7EF9-4ED8-AFBD-703CBDA2A6BC}.Release|Any CPU.ActiveCfg = Release|Any CPU
		{9C8C8FA5-7EF9-4ED8-AFBD-703CBDA2A6BC}.Release|Any CPU.Build.0 = Release|Any CPU
	EndGlobalSection
	GlobalSection(SolutionProperties) = preSolution
		HideSolutionNode = FALSE
	EndGlobalSection
	GlobalSection(ExtensibilityGlobals) = postSolution
		SolutionGuid = {B454CECE-1601-47F0-8BDF-1DE6672EF3FF}
	EndGlobalSection
EndGlobal
